
Microsoft Visual Studio Solution File, Format Version 12.00
# Visual Studio Version 16
VisualStudioVersion = 16.0.31729.503
MinimumVisualStudioVersion = 10.0.40219.1
Project("{FAE04EC0-301F-11D3-BF4B-00C04F79EFBC}") = "DragonBallApi", "DragonBallApi\DragonBallApi.csproj", "{50C29EFA-430F-4F69-A861-1EC8E3187D03}"
EndProject
Global
	GlobalSection(SolutionConfigurationPlatforms) = preSolution
		Debug|Any CPU = Debug|Any CPU
		Release|Any CPU = Release|Any CPU
	EndGlobalSection
	GlobalSection(ProjectConfigurationPlatforms) = postSolution
		{50C29EFA-430F-4F69-A861-1EC8E3187D03}.Debug|Any CPU.ActiveCfg = Debug|Any CPU
		{50C29EFA-430F-4F69-A861-1EC8E3187D03}.Debug|Any CPU.Build.0 = Debug|Any CPU
		{50C29EFA-430F-4F69-A861-1EC8E3187D03}.Release|Any CPU.ActiveCfg = Release|Any CPU
		{50C29EFA-430F-4F69-A861-1EC8E3187D03}.Release|Any CPU.Build.0 = Release|Any CPU
	EndGlobalSection
	GlobalSection(SolutionProperties) = preSolution
		HideSolutionNode = FALSE
	EndGlobalSection
	GlobalSection(ExtensibilityGlobals) = postSolution
		SolutionGuid = {B503A983-4672-40E5-B843-B81690BB571F}
	EndGlobalSection
EndGlobal
